// !$*UTF8*$!
{
	archiveVersion = 1;
	classes = {
	};
	objectVersion = 46;
	objects = {

/* Begin PBXBuildFile section */
		1A4E66F31AFA40D10093398A /* AppDelegate.swift in Sources */ = {isa = PBXBuildFile; fileRef = 1A4E66F21AFA40D10093398A /* AppDelegate.swift */; };
		1A4E66F61AFA40D10093398A /* Objects_Context_Demo.xcdatamodeld in Sources */ = {isa = PBXBuildFile; fileRef = 1A4E66F41AFA40D10093398A /* Objects_Context_Demo.xcdatamodeld */; };
		1A4E66F81AFA40D10093398A /* ViewController.swift in Sources */ = {isa = PBXBuildFile; fileRef = 1A4E66F71AFA40D10093398A /* ViewController.swift */; };
		1A4E66FB1AFA40D10093398A /* Main.storyboard in Resources */ = {isa = PBXBuildFile; fileRef = 1A4E66F91AFA40D10093398A /* Main.storyboard */; };
		1A4E66FD1AFA40D10093398A /* Images.xcassets in Resources */ = {isa = PBXBuildFile; fileRef = 1A4E66FC1AFA40D10093398A /* Images.xcassets */; };
		1A4E67001AFA40D10093398A /* LaunchScreen.xib in Resources */ = {isa = PBXBuildFile; fileRef = 1A4E66FE1AFA40D10093398A /* LaunchScreen.xib */; };
		1A4E670C1AFA40D10093398A /* Objects_Context_DemoTests.swift in Sources */ = {isa = PBXBuildFile; fileRef = 1A4E670B1AFA40D10093398A /* Objects_Context_DemoTests.swift */; };
/* End PBXBuildFile section */

/* Begin PBXContainerItemProxy section */
		1A4E67061AFA40D10093398A /* PBXContainerItemProxy */ = {
			isa = PBXContainerItemProxy;
			containerPortal = 1A4E66E51AFA40D10093398A /* Project object */;
			proxyType = 1;
			remoteGlobalIDString = 1A4E66EC1AFA40D10093398A;
			remoteInfo = "Objects Context Demo";
		};
/* End PBXContainerItemProxy section */

/* Begin PBXFileReference section */
		1A4E66ED1AFA40D10093398A /* Objects Context Demo.app */ = {isa = PBXFileReference; explicitFileType = wrapper.application; includeInIndex = 0; path = "Objects Context Demo.app"; sourceTree = BUILT_PRODUCTS_DIR; };
		1A4E66F11AFA40D10093398A /* Info.plist */ = {isa = PBXFileReference; lastKnownFileType = text.plist.xml; path = Info.plist; sourceTree = "<group>"; };
		1A4E66F21AFA40D10093398A /* AppDelegate.swift */ = {isa = PBXFileReference; lastKnownFileType = sourcecode.swift; path = AppDelegate.swift; sourceTree = "<group>"; };
		1A4E66F51AFA40D10093398A /* Objects_Context_Demo.xcdatamodel */ = {isa = PBXFileReference; lastKnownFileType = wrapper.xcdatamodel; path = Objects_Context_Demo.xcdatamodel; sourceTree = "<group>"; };
		1A4E66F71AFA40D10093398A /* ViewController.swift */ = {isa = PBXFileReference; lastKnownFileType = sourcecode.swift; path = ViewController.swift; sourceTree = "<group>"; };
		1A4E66FA1AFA40D10093398A /* Base */ = {isa = PBXFileReference; lastKnownFileType = file.storyboard; name = Base; path = Base.lproj/Main.storyboard; sourceTree = "<group>"; };
		1A4E66FC1AFA40D10093398A /* Images.xcassets */ = {isa = PBXFileReference; lastKnownFileType = folder.assetcatalog; path = Images.xcassets; sourceTree = "<group>"; };
		1A4E66FF1AFA40D10093398A /* Base */ = {isa = PBXFileReference; lastKnownFileType = file.xib; name = Base; path = Base.lproj/LaunchScreen.xib; sourceTree = "<group>"; };
		1A4E67051AFA40D10093398A /* Objects Context DemoTests.xctest */ = {isa = PBXFileReference; explicitFileType = wrapper.cfbundle; includeInIndex = 0; path = "Objects Context DemoTests.xctest"; sourceTree = BUILT_PRODUCTS_DIR; };
		1A4E670A1AFA40D10093398A /* Info.plist */ = {isa = PBXFileReference; lastKnownFileType = text.plist.xml; path = Info.plist; sourceTree = "<group>"; };
		1A4E670B1AFA40D10093398A /* Objects_Context_DemoTests.swift */ = {isa = PBXFileReference; lastKnownFileType = sourcecode.swift; path = Objects_Context_DemoTests.swift; sourceTree = "<group>"; };
/* End PBXFileReference section */

/* Begin PBXFrameworksBuildPhase section */
		1A4E66EA1AFA40D10093398A /* Frameworks */ = {
			isa = PBXFrameworksBuildPhase;
			buildActionMask = 2147483647;
			files = (
			);
			runOnlyForDeploymentPostprocessing = 0;
		};
		1A4E67021AFA40D10093398A /* Frameworks */ = {
			isa = PBXFrameworksBuildPhase;
			buildActionMask = 2147483647;
			files = (
			);
			runOnlyForDeploymentPostprocessing = 0;
		};
/* End PBXFrameworksBuildPhase section */

/* Begin PBXGroup section */
		1A4E66E41AFA40D10093398A = {
			isa = PBXGroup;
			children = (
				1A4E66EF1AFA40D10093398A /* Objects Context Demo */,
				1A4E67081AFA40D10093398A /* Objects Context DemoTests */,
				1A4E66EE1AFA40D10093398A /* Products */,
			);
			sourceTree = "<group>";
		};
		1A4E66EE1AFA40D10093398A /* Products */ = {
			isa = PBXGroup;
			children = (
				1A4E66ED1AFA40D10093398A /* Objects Context Demo.app */,
				1A4E67051AFA40D10093398A /* Objects Context DemoTests.xctest */,
			);
			name = Products;
			sourceTree = "<group>";
		};
		1A4E66EF1AFA40D10093398A /* Objects Context Demo */ = {
			isa = PBXGroup;
			children = (
				1A4E66F21AFA40D10093398A /* AppDelegate.swift */,
				1A4E66F71AFA40D10093398A /* ViewController.swift */,
				1A4E66F91AFA40D10093398A /* Main.storyboard */,
				1A4E66FC1AFA40D10093398A /* Images.xcassets */,
				1A4E66FE1AFA40D10093398A /* LaunchScreen.xib */,
				1A4E66F41AFA40D10093398A /* Objects_Context_Demo.xcdatamodeld */,
				1A4E66F01AFA40D10093398A /* Supporting Files */,
			);
			path = "Objects Context Demo";
			sourceTree = "<group>";
		};
		1A4E66F01AFA40D10093398A /* Supporting Files */ = {
			isa = PBXGroup;
			children = (
				1A4E66F11AFA40D10093398A /* Info.plist */,
			);
			name = "Supporting Files";
			sourceTree = "<group>";
		};
		1A4E67081AFA40D10093398A /* Objects Context DemoTests */ = {
			isa = PBXGroup;
			children = (
				1A4E670B1AFA40D10093398A /* Objects_Context_DemoTests.swift */,
				1A4E67091AFA40D10093398A /* Supporting Files */,
			);
			path = "Objects Context DemoTests";
			sourceTree = "<group>";
		};
		1A4E67091AFA40D10093398A /* Supporting Files */ = {
			isa = PBXGroup;
			children = (
				1A4E670A1AFA40D10093398A /* Info.plist */,
			);
			name = "Supporting Files";
			sourceTree = "<group>";
		};
/* End PBXGroup section */

/* Begin PBXNativeTarget section */
		1A4E66EC1AFA40D10093398A /* Objects Context Demo */ = {
			isa = PBXNativeTarget;
			buildConfigurationList = 1A4E670F1AFA40D10093398A /* Build configuration list for PBXNativeTarget "Objects Context Demo" */;
			buildPhases = (
				1A4E66E91AFA40D10093398A /* Sources */,
				1A4E66EA1AFA40D10093398A /* Frameworks */,
				1A4E66EB1AFA40D10093398A /* Resources */,
			);
			buildRules = (
			);
			dependencies = (
			);
			name = "Objects Context Demo";
			productName = "Objects Context Demo";
			productReference = 1A4E66ED1AFA40D10093398A /* Objects Context Demo.app */;
			productType = "com.apple.product-type.application";
		};
		1A4E67041AFA40D10093398A /* Objects Context DemoTests */ = {
			isa = PBXNativeTarget;
			buildConfigurationList = 1A4E67121AFA40D10093398A /* Build configuration list for PBXNativeTarget "Objects Context DemoTests" */;
			buildPhases = (
				1A4E67011AFA40D10093398A /* Sources */,
				1A4E67021AFA40D10093398A /* Frameworks */,
				1A4E67031AFA40D10093398A /* Resources */,
			);
			buildRules = (
			);
			dependencies = (
				1A4E67071AFA40D10093398A /* PBXTargetDependency */,
			);
			name = "Objects Context DemoTests";
			productName = "Objects Context DemoTests";
			productReference = 1A4E67051AFA40D10093398A /* Objects Context DemoTests.xctest */;
			productType = "com.apple.product-type.bundle.unit-test";
		};
/* End PBXNativeTarget section */

/* Begin PBXProject section */
		1A4E66E51AFA40D10093398A /* Project object */ = {
			isa = PBXProject;
			attributes = {
				LastUpgradeCheck = 0630;
				ORGANIZATIONNAME = "James Zaghini";
				TargetAttributes = {
					1A4E66EC1AFA40D10093398A = {
						CreatedOnToolsVersion = 6.3;
					};
					1A4E67041AFA40D10093398A = {
						CreatedOnToolsVersion = 6.3;
						TestTargetID = 1A4E66EC1AFA40D10093398A;
					};
				};
			};
			buildConfigurationList = 1A4E66E81AFA40D10093398A /* Build configuration list for PBXProject "Objects Context Demo" */;
			compatibilityVersion = "Xcode 3.2";
			developmentRegion = English;
			hasScannedForEncodings = 0;
			knownRegions = (
				en,
				Base,
			);
			mainGroup = 1A4E66E41AFA40D10093398A;
			productRefGroup = 1A4E66EE1AFA40D10093398A /* Products */;
			projectDirPath = "";
			projectRoot = "";
			targets = (
				1A4E66EC1AFA40D10093398A /* Objects Context Demo */,
				1A4E67041AFA40D10093398A /* Objects Context DemoTests */,
			);
		};
/* End PBXProject section */

/* Begin PBXResourcesBuildPhase section */
		1A4E66EB1AFA40D10093398A /* Resources */ = {
			isa = PBXResourcesBuildPhase;
			buildActionMask = 2147483647;
			files = (
				1A4E66FB1AFA40D10093398A /* Main.storyboard in Resources */,
				1A4E67001AFA40D10093398A /* LaunchScreen.xib in Resources */,
				1A4E66FD1AFA40D10093398A /* Images.xcassets in Resources */,
			);
			runOnlyForDeploymentPostprocessing = 0;
		};
		1A4E67031AFA40D10093398A /* Resources */ = {
			isa = PBXResourcesBuildPhase;
			buildActionMask = 2147483647;
			files = (
			);
			runOnlyForDeploymentPostprocessing = 0;
		};
/* End PBXResourcesBuildPhase section */

/* Begin PBXSourcesBuildPhase section */
		1A4E66E91AFA40D10093398A /* Sources */ = {
			isa = PBXSourcesBuildPhase;
			buildActionMask = 2147483647;
			files = (
				1A4E66F81AFA40D10093398A /* ViewController.swift in Sources */,
				1A4E66F31AFA40D10093398A /* AppDelegate.swift in Sources */,
				1A4E66F61AFA40D10093398A /* Objects_Context_Demo.xcdatamodeld in Sources */,
			);
			runOnlyForDeploymentPostprocessing = 0;
		};
		1A4E67011AFA40D10093398A /* Sources */ = {
			isa = PBXSourcesBuildPhase;
			buildActionMask = 2147483647;
			files = (
				1A4E670C1AFA40D10093398A /* Objects_Context_DemoTests.swift in Sources */,
			);
			runOnlyForDeploymentPostprocessing = 0;
		};
/* End PBXSourcesBuildPhase section */

/* Begin PBXTargetDependency section */
		1A4E67071AFA40D10093398A /* PBXTargetDependency */ = {
			isa = PBXTargetDependency;
			target = 1A4E66EC1AFA40D10093398A /* Objects Context Demo */;
			targetProxy = 1A4E67061AFA40D10093398A /* PBXContainerItemProxy */;
		};
/* End PBXTargetDependency section */

/* Begin PBXVariantGroup section */
		1A4E66F91AFA40D10093398A /* Main.storyboard */ = {
			isa = PBXVariantGroup;
			children = (
				1A4E66FA1AFA40D10093398A /* Base */,
			);
			name = Main.storyboard;
			sourceTree = "<group>";
		};
		1A4E66FE1AFA40D10093398A /* LaunchScreen.xib */ = {
			isa = PBXVariantGroup;
			children = (
				1A4E66FF1AFA40D10093398A /* Base */,
			);
			name = LaunchScreen.xib;
			sourceTree = "<group>";
		};
/* End PBXVariantGroup section */

/* Begin XCBuildConfiguration section */
		1A4E670D1AFA40D10093398A /* Debug */ = {
			isa = XCBuildConfiguration;
			buildSettings = {
				ALWAYS_SEARCH_USER_PATHS = NO;
				CLANG_CXX_LANGUAGE_STANDARD = "gnu++0x";
				CLANG_CXX_LIBRARY = "libc++";
				CLANG_ENABLE_MODULES = YES;
				CLANG_ENABLE_OBJC_ARC = YES;
				CLANG_WARN_BOOL_CONVERSION = YES;
				CLANG_WARN_CONSTANT_CONVERSION = YES;
				CLANG_WARN_DIRECT_OBJC_ISA_USAGE = YES_ERROR;
				CLANG_WARN_EMPTY_BODY = YES;
				CLANG_WARN_ENUM_CONVERSION = YES;
				CLANG_WARN_INT_CONVERSION = YES;
				CLANG_WARN_OBJC_ROOT_CLASS = YES_ERROR;
				CLANG_WARN_UNREACHABLE_CODE = YES;
				CLANG_WARN__DUPLICATE_METHOD_MATCH = YES;
				"CODE_SIGN_IDENTITY[sdk=iphoneos*]" = "iPhone Developer";
				COPY_PHASE_STRIP = NO;
				DEBUG_INFORMATION_FORMAT = "dwarf-with-dsym";
				ENABLE_STRICT_OBJC_MSGSEND = YES;
				GCC_C_LANGUAGE_STANDARD = gnu99;
				GCC_DYNAMIC_NO_PIC = NO;
				GCC_NO_COMMON_BLOCKS = YES;
				GCC_OPTIMIZATION_LEVEL = 0;
				GCC_PREPROCESSOR_DEFINITIONS = (
					"DEBUG=1",
					"$(inherited)",
				);
				GCC_SYMBOLS_PRIVATE_EXTERN = NO;
				GCC_WARN_64_TO_32_BIT_CONVERSION = YES;
				GCC_WARN_ABOUT_RETURN_TYPE = YES_ERROR;
				GCC_WARN_UNDECLARED_SELECTOR = YES;
				GCC_WARN_UNINITIALIZED_AUTOS = YES_AGGRESSIVE;
				GCC_WARN_UNUSED_FUNCTION = YES;
				GCC_WARN_UNUSED_VARIABLE = YES;
				IPHONEOS_DEPLOYMENT_TARGET = 8.3;
				MTL_ENABLE_DEBUG_INFO = YES;
				ONLY_ACTIVE_ARCH = YES;
				SDKROOT = iphoneos;
				SWIFT_OPTIMIZATION_LEVEL = "-Onone";
			};
			name = Debug;
		};
		1A4E670E1AFA40D10093398A /* Release */ = {
			isa = XCBuildConfiguration;
			buildSettings = {
				ALWAYS_SEARCH_USER_PATHS = NO;
				CLANG_CXX_LANGUAGE_STANDARD = "gnu++0x";
				CLANG_CXX_LIBRARY = "libc++";
				CLANG_ENABLE_MODULES = YES;
				CLANG_ENABLE_OBJC_ARC = YES;
				CLANG_WARN_BOOL_CONVERSION = YES;
				CLANG_WARN_CONSTANT_CONVERSION = YES;
				CLANG_WARN_DIRECT_OBJC_ISA_USAGE = YES_ERROR;
				CLANG_WARN_EMPTY_BODY = YES;
				CLANG_WARN_ENUM_CONVERSION = YES;
				CLANG_WARN_INT_CONVERSION = YES;
				CLANG_WARN_OBJC_ROOT_CLASS = YES_ERROR;
				CLANG_WARN_UNREACHABLE_CODE = YES;
				CLANG_WARN__DUPLICATE_METHOD_MATCH = YES;
				"CODE_SIGN_IDENTITY[sdk=iphoneos*]" = "iPhone Developer";
				COPY_PHASE_STRIP = NO;
				DEBUG_INFORMATION_FORMAT = "dwarf-with-dsym";
				ENABLE_NS_ASSERTIONS = NO;
				ENABLE_STRICT_OBJC_MSGSEND = YES;
				GCC_C_LANGUAGE_STANDARD = gnu99;
				GCC_NO_COMMON_BLOCKS = YES;
				GCC_WARN_64_TO_32_BIT_CONVERSION = YES;
				GCC_WARN_ABOUT_RETURN_TYPE = YES_ERROR;
				GCC_WARN_UNDECLARED_SELECTOR = YES;
				GCC_WARN_UNINITIALIZED_AUTOS = YES_AGGRESSIVE;
				GCC_WARN_UNUSED_FUNCTION = YES;
				GCC_WARN_UNUSED_VARIABLE = YES;
				IPHONEOS_DEPLOYMENT_TARGET = 8.3;
				MTL_ENABLE_DEBUG_INFO = NO;
				SDKROOT = iphoneos;
				VALIDATE_PRODUCT = YES;
			};
			name = Release;
		};
		1A4E67101AFA40D10093398A /* Debug */ = {
			isa = XCBuildConfiguration;
			buildSettings = {
				ASSETCATALOG_COMPILER_APPICON_NAME = AppIcon;
				INFOPLIST_FILE = "Objects Context Demo/Info.plist";
				LD_RUNPATH_SEARCH_PATHS = "$(inherited) @executable_path/Frameworks";
				PRODUCT_NAME = "$(TARGET_NAME)";
			};
			name = Debug;
		};
		1A4E67111AFA40D10093398A /* Release */ = {
			isa = XCBuildConfiguration;
			buildSettings = {
				ASSETCATALOG_COMPILER_APPICON_NAME = AppIcon;
				INFOPLIST_FILE = "Objects Context Demo/Info.plist";
				LD_RUNPATH_SEARCH_PATHS = "$(inherited) @executable_path/Frameworks";
				PRODUCT_NAME = "$(TARGET_NAME)";
			};
			name = Release;
		};
		1A4E67131AFA40D10093398A /* Debug */ = {
			isa = XCBuildConfiguration;
			buildSettings = {
				BUNDLE_LOADER = "$(TEST_HOST)";
				FRAMEWORK_SEARCH_PATHS = (
					"$(SDKROOT)/Developer/Library/Frameworks",
					"$(inherited)",
				);
				GCC_PREPROCESSOR_DEFINITIONS = (
					"DEBUG=1",
					"$(inherited)",
				);
				INFOPLIST_FILE = "Objects Context DemoTests/Info.plist";
				LD_RUNPATH_SEARCH_PATHS = "$(inherited) @executable_path/Frameworks @loader_path/Frameworks";
				PRODUCT_NAME = "$(TARGET_NAME)";
				TEST_HOST = "$(BUILT_PRODUCTS_DIR)/Objects Context Demo.app/Objects Context Demo";
			};
			name = Debug;
		};
		1A4E67141AFA40D10093398A /* Release */ = {
			isa = XCBuildConfiguration;
			buildSettings = {
				BUNDLE_LOADER = "$(TEST_HOST)";
				FRAMEWORK_SEARCH_PATHS = (
					"$(SDKROOT)/Developer/Library/Frameworks",
					"$(inherited)",
				);
				INFOPLIST_FILE = "Objects Context DemoTests/Info.plist";
				LD_RUNPATH_SEARCH_PATHS = "$(inherited) @executable_path/Frameworks @loader_path/Frameworks";
				PRODUCT_NAME = "$(TARGET_NAME)";
				TEST_HOST = "$(BUILT_PRODUCTS_DIR)/Objects Context Demo.app/Objects Context Demo";
			};
			name = Release;
		};
/* End XCBuildConfiguration section */

/* Begin XCConfigurationList section */
		1A4E66E81AFA40D10093398A /* Build configuration list for PBXProject "Objects Context Demo" */ = {
			isa = XCConfigurationList;
			buildConfigurations = (
				1A4E670D1AFA40D10093398A /* Debug */,
				1A4E670E1AFA40D10093398A /* Release */,
			);
			defaultConfigurationIsVisible = 0;
			defaultConfigurationName = Release;
		};
		1A4E670F1AFA40D10093398A /* Build configuration list for PBXNativeTarget "Objects Context Demo" */ = {
			isa = XCConfigurationList;
			buildConfigurations = (
				1A4E67101AFA40D10093398A /* Debug */,
				1A4E67111AFA40D10093398A /* Release */,
			);
			defaultConfigurationIsVisible = 0;
		};
		1A4E67121AFA40D10093398A /* Build configuration list for PBXNativeTarget "Objects Context DemoTests" */ = {
			isa = XCConfigurationList;
			buildConfigurations = (
				1A4E67131AFA40D10093398A /* Debug */,
				1A4E67141AFA40D10093398A /* Release */,
			);
			defaultConfigurationIsVisible = 0;
		};
/* End XCConfigurationList section */

/* Begin XCVersionGroup section */
		1A4E66F41AFA40D10093398A /* Objects_Context_Demo.xcdatamodeld */ = {
			isa = XCVersionGroup;
			children = (
				1A4E66F51AFA40D10093398A /* Objects_Context_Demo.xcdatamodel */,
			);
			currentVersion = 1A4E66F51AFA40D10093398A /* Objects_Context_Demo.xcdatamodel */;
			path = Objects_Context_Demo.xcdatamodeld;
			sourceTree = "<group>";
			versionGroupType = wrapper.xcdatamodel;
		};
/* End XCVersionGroup section */
	};
	rootObject = 1A4E66E51AFA40D10093398A /* Project object */;
}
