// !$*UTF8*$!
{
	archiveVersion = 1;
	classes = {
	};
	objectVersion = 46;
	objects = {

/* Begin PBXBuildFile section */
		1ABC4E091B021338007A2945 /* Array+removeObject.swift in Sources */ = {isa = PBXBuildFile; fileRef = 1ABC4E081B021338007A2945 /* Array+removeObject.swift */; };
		1AF39D1D1AFCE59900A5BD43 /* AppDelegate.swift in Sources */ = {isa = PBXBuildFile; fileRef = 1AF39D1C1AFCE59900A5BD43 /* AppDelegate.swift */; };
		1AF39D1F1AFCE59900A5BD43 /* ViewController.swift in Sources */ = {isa = PBXBuildFile; fileRef = 1AF39D1E1AFCE59900A5BD43 /* ViewController.swift */; };
		1AF39D211AFCE59900A5BD43 /* Images.xcassets in Resources */ = {isa = PBXBuildFile; fileRef = 1AF39D201AFCE59900A5BD43 /* Images.xcassets */; };
		1AF39D241AFCE59900A5BD43 /* Main.storyboard in Resources */ = {isa = PBXBuildFile; fileRef = 1AF39D221AFCE59900A5BD43 /* Main.storyboard */; };
		1AF39D3C1AFCE5C300A5BD43 /* GCDAsyncSocket.m in Sources */ = {isa = PBXBuildFile; fileRef = 1AF39D3B1AFCE5C300A5BD43 /* GCDAsyncSocket.m */; };
		1AF4755A1B04BCBE00E84914 /* BonjourServer.swift in Sources */ = {isa = PBXBuildFile; fileRef = 1AF475591B04BCBE00E84914 /* BonjourServer.swift */; };
/* End PBXBuildFile section */

/* Begin PBXFileReference section */
		1ABC4E081B021338007A2945 /* Array+removeObject.swift */ = {isa = PBXFileReference; fileEncoding = 4; lastKnownFileType = sourcecode.swift; path = "Array+removeObject.swift"; sourceTree = "<group>"; };
		1AF39D171AFCE59900A5BD43 /* bonjour-demo-mac.app */ = {isa = PBXFileReference; explicitFileType = wrapper.application; includeInIndex = 0; path = "bonjour-demo-mac.app"; sourceTree = BUILT_PRODUCTS_DIR; };
		1AF39D1B1AFCE59900A5BD43 /* Info.plist */ = {isa = PBXFileReference; lastKnownFileType = text.plist.xml; path = Info.plist; sourceTree = "<group>"; };
		1AF39D1C1AFCE59900A5BD43 /* AppDelegate.swift */ = {isa = PBXFileReference; lastKnownFileType = sourcecode.swift; path = AppDelegate.swift; sourceTree = "<group>"; };
		1AF39D1E1AFCE59900A5BD43 /* ViewController.swift */ = {isa = PBXFileReference; lastKnownFileType = sourcecode.swift; path = ViewController.swift; sourceTree = "<group>"; };
		1AF39D201AFCE59900A5BD43 /* Images.xcassets */ = {isa = PBXFileReference; lastKnownFileType = folder.assetcatalog; path = Images.xcassets; sourceTree = "<group>"; };
		1AF39D231AFCE59900A5BD43 /* Base */ = {isa = PBXFileReference; lastKnownFileType = file.storyboard; name = Base; path = Base.lproj/Main.storyboard; sourceTree = "<group>"; };
		1AF39D391AFCE5C300A5BD43 /* bonjour-demo-mac-Bridging-Header.h */ = {isa = PBXFileReference; lastKnownFileType = sourcecode.c.h; path = "bonjour-demo-mac-Bridging-Header.h"; sourceTree = "<group>"; };
		1AF39D3A1AFCE5C300A5BD43 /* GCDAsyncSocket.h */ = {isa = PBXFileReference; fileEncoding = 4; lastKnownFileType = sourcecode.c.h; path = GCDAsyncSocket.h; sourceTree = "<group>"; };
		1AF39D3B1AFCE5C300A5BD43 /* GCDAsyncSocket.m */ = {isa = PBXFileReference; fileEncoding = 4; lastKnownFileType = sourcecode.c.objc; path = GCDAsyncSocket.m; sourceTree = "<group>"; };
		1AF475591B04BCBE00E84914 /* BonjourServer.swift */ = {isa = PBXFileReference; fileEncoding = 4; lastKnownFileType = sourcecode.swift; path = BonjourServer.swift; sourceTree = "<group>"; };
/* End PBXFileReference section */

/* Begin PBXFrameworksBuildPhase section */
		1AF39D141AFCE59900A5BD43 /* Frameworks */ = {
			isa = PBXFrameworksBuildPhase;
			buildActionMask = 2147483647;
			files = (
			);
			runOnlyForDeploymentPostprocessing = 0;
		};
/* End PBXFrameworksBuildPhase section */

/* Begin PBXGroup section */
		1AF39D0E1AFCE59900A5BD43 = {
			isa = PBXGroup;
			children = (
				1AF39D191AFCE59900A5BD43 /* bonjour-demo-mac */,
				1AF39D181AFCE59900A5BD43 /* Products */,
			);
			sourceTree = "<group>";
		};
		1AF39D181AFCE59900A5BD43 /* Products */ = {
			isa = PBXGroup;
			children = (
				1AF39D171AFCE59900A5BD43 /* bonjour-demo-mac.app */,
			);
			name = Products;
			sourceTree = "<group>";
		};
		1AF39D191AFCE59900A5BD43 /* bonjour-demo-mac */ = {
			isa = PBXGroup;
			children = (
				1AF39D1C1AFCE59900A5BD43 /* AppDelegate.swift */,
				1ABC4E081B021338007A2945 /* Array+removeObject.swift */,
				1AF39D391AFCE5C300A5BD43 /* bonjour-demo-mac-Bridging-Header.h */,
				1AF475591B04BCBE00E84914 /* BonjourServer.swift */,
				1AF39D3A1AFCE5C300A5BD43 /* GCDAsyncSocket.h */,
				1AF39D3B1AFCE5C300A5BD43 /* GCDAsyncSocket.m */,
				1AF39D201AFCE59900A5BD43 /* Images.xcassets */,
				1AF39D221AFCE59900A5BD43 /* Main.storyboard */,
				1AF39D1A1AFCE59900A5BD43 /* Supporting Files */,
				1AF39D1E1AFCE59900A5BD43 /* ViewController.swift */,
			);
			path = "bonjour-demo-mac";
			sourceTree = "<group>";
		};
		1AF39D1A1AFCE59900A5BD43 /* Supporting Files */ = {
			isa = PBXGroup;
			children = (
				1AF39D1B1AFCE59900A5BD43 /* Info.plist */,
			);
			name = "Supporting Files";
			sourceTree = "<group>";
		};
/* End PBXGroup section */

/* Begin PBXNativeTarget section */
		1AF39D161AFCE59900A5BD43 /* bonjour-demo-mac */ = {
			isa = PBXNativeTarget;
			buildConfigurationList = 1AF39D331AFCE59900A5BD43 /* Build configuration list for PBXNativeTarget "bonjour-demo-mac" */;
			buildPhases = (
				1AF39D131AFCE59900A5BD43 /* Sources */,
				1AF39D141AFCE59900A5BD43 /* Frameworks */,
				1AF39D151AFCE59900A5BD43 /* Resources */,
			);
			buildRules = (
			);
			dependencies = (
			);
			name = "bonjour-demo-mac";
			productName = "bonjour-demo-mac";
			productReference = 1AF39D171AFCE59900A5BD43 /* bonjour-demo-mac.app */;
			productType = "com.apple.product-type.application";
		};
/* End PBXNativeTarget section */

/* Begin PBXProject section */
		1AF39D0F1AFCE59900A5BD43 /* Project object */ = {
			isa = PBXProject;
			attributes = {
				LastUpgradeCheck = 0630;
				ORGANIZATIONNAME = "James Zaghini";
				TargetAttributes = {
					1AF39D161AFCE59900A5BD43 = {
						CreatedOnToolsVersion = 6.3;
					};
				};
			};
			buildConfigurationList = 1AF39D121AFCE59900A5BD43 /* Build configuration list for PBXProject "bonjour-demo-mac" */;
			compatibilityVersion = "Xcode 3.2";
			developmentRegion = English;
			hasScannedForEncodings = 0;
			knownRegions = (
				en,
				Base,
			);
			mainGroup = 1AF39D0E1AFCE59900A5BD43;
			productRefGroup = 1AF39D181AFCE59900A5BD43 /* Products */;
			projectDirPath = "";
			projectRoot = "";
			targets = (
				1AF39D161AFCE59900A5BD43 /* bonjour-demo-mac */,
			);
		};
/* End PBXProject section */

/* Begin PBXResourcesBuildPhase section */
		1AF39D151AFCE59900A5BD43 /* Resources */ = {
			isa = PBXResourcesBuildPhase;
			buildActionMask = 2147483647;
			files = (
				1AF39D211AFCE59900A5BD43 /* Images.xcassets in Resources */,
				1AF39D241AFCE59900A5BD43 /* Main.storyboard in Resources */,
			);
			runOnlyForDeploymentPostprocessing = 0;
		};
/* End PBXResourcesBuildPhase section */

/* Begin PBXSourcesBuildPhase section */
		1AF39D131AFCE59900A5BD43 /* Sources */ = {
			isa = PBXSourcesBuildPhase;
			buildActionMask = 2147483647;
			files = (
				1AF39D3C1AFCE5C300A5BD43 /* GCDAsyncSocket.m in Sources */,
				1AF39D1F1AFCE59900A5BD43 /* ViewController.swift in Sources */,
				1ABC4E091B021338007A2945 /* Array+removeObject.swift in Sources */,
				1AF4755A1B04BCBE00E84914 /* BonjourServer.swift in Sources */,
				1AF39D1D1AFCE59900A5BD43 /* AppDelegate.swift in Sources */,
			);
			runOnlyForDeploymentPostprocessing = 0;
		};
/* End PBXSourcesBuildPhase section */

/* Begin PBXVariantGroup section */
		1AF39D221AFCE59900A5BD43 /* Main.storyboard */ = {
			isa = PBXVariantGroup;
			children = (
				1AF39D231AFCE59900A5BD43 /* Base */,
			);
			name = Main.storyboard;
			sourceTree = "<group>";
		};
/* End PBXVariantGroup section */

/* Begin XCBuildConfiguration section */
		1AF39D311AFCE59900A5BD43 /* Debug */ = {
			isa = XCBuildConfiguration;
			buildSettings = {
				ALWAYS_SEARCH_USER_PATHS = NO;
				CLANG_CXX_LANGUAGE_STANDARD = "gnu++0x";
				CLANG_CXX_LIBRARY = "libc++";
				CLANG_ENABLE_MODULES = YES;
				CLANG_ENABLE_OBJC_ARC = YES;
				CLANG_WARN_BOOL_CONVERSION = YES;
				CLANG_WARN_CONSTANT_CONVERSION = YES;
				CLANG_WARN_DIRECT_OBJC_ISA_USAGE = YES_ERROR;
				CLANG_WARN_EMPTY_BODY = YES;
				CLANG_WARN_ENUM_CONVERSION = YES;
				CLANG_WARN_INT_CONVERSION = YES;
				CLANG_WARN_OBJC_ROOT_CLASS = YES_ERROR;
				CLANG_WARN_UNREACHABLE_CODE = YES;
				CLANG_WARN__DUPLICATE_METHOD_MATCH = YES;
				CODE_SIGN_IDENTITY = "-";
				COPY_PHASE_STRIP = NO;
				DEBUG_INFORMATION_FORMAT = dwarf;
				ENABLE_STRICT_OBJC_MSGSEND = YES;
				GCC_C_LANGUAGE_STANDARD = gnu99;
				GCC_DYNAMIC_NO_PIC = NO;
				GCC_NO_COMMON_BLOCKS = YES;
				GCC_OPTIMIZATION_LEVEL = 0;
				GCC_PREPROCESSOR_DEFINITIONS = (
					"DEBUG=1",
					"$(inherited)",
				);
				GCC_SYMBOLS_PRIVATE_EXTERN = NO;
				GCC_WARN_64_TO_32_BIT_CONVERSION = YES;
				GCC_WARN_ABOUT_RETURN_TYPE = YES_ERROR;
				GCC_WARN_UNDECLARED_SELECTOR = YES;
				GCC_WARN_UNINITIALIZED_AUTOS = YES_AGGRESSIVE;
				GCC_WARN_UNUSED_FUNCTION = YES;
				GCC_WARN_UNUSED_VARIABLE = YES;
				MACOSX_DEPLOYMENT_TARGET = 10.10;
				MTL_ENABLE_DEBUG_INFO = YES;
				ONLY_ACTIVE_ARCH = YES;
				SDKROOT = macosx;
				SWIFT_OPTIMIZATION_LEVEL = "-Onone";
			};
			name = Debug;
		};
		1AF39D321AFCE59900A5BD43 /* Release */ = {
			isa = XCBuildConfiguration;
			buildSettings = {
				ALWAYS_SEARCH_USER_PATHS = NO;
				CLANG_CXX_LANGUAGE_STANDARD = "gnu++0x";
				CLANG_CXX_LIBRARY = "libc++";
				CLANG_ENABLE_MODULES = YES;
				CLANG_ENABLE_OBJC_ARC = YES;
				CLANG_WARN_BOOL_CONVERSION = YES;
				CLANG_WARN_CONSTANT_CONVERSION = YES;
				CLANG_WARN_DIRECT_OBJC_ISA_USAGE = YES_ERROR;
				CLANG_WARN_EMPTY_BODY = YES;
				CLANG_WARN_ENUM_CONVERSION = YES;
				CLANG_WARN_INT_CONVERSION = YES;
				CLANG_WARN_OBJC_ROOT_CLASS = YES_ERROR;
				CLANG_WARN_UNREACHABLE_CODE = YES;
				CLANG_WARN__DUPLICATE_METHOD_MATCH = YES;
				CODE_SIGN_IDENTITY = "-";
				COPY_PHASE_STRIP = NO;
				DEBUG_INFORMATION_FORMAT = "dwarf-with-dsym";
				ENABLE_NS_ASSERTIONS = NO;
				ENABLE_STRICT_OBJC_MSGSEND = YES;
				GCC_C_LANGUAGE_STANDARD = gnu99;
				GCC_NO_COMMON_BLOCKS = YES;
				GCC_WARN_64_TO_32_BIT_CONVERSION = YES;
				GCC_WARN_ABOUT_RETURN_TYPE = YES_ERROR;
				GCC_WARN_UNDECLARED_SELECTOR = YES;
				GCC_WARN_UNINITIALIZED_AUTOS = YES_AGGRESSIVE;
				GCC_WARN_UNUSED_FUNCTION = YES;
				GCC_WARN_UNUSED_VARIABLE = YES;
				MACOSX_DEPLOYMENT_TARGET = 10.10;
				MTL_ENABLE_DEBUG_INFO = NO;
				SDKROOT = macosx;
			};
			name = Release;
		};
		1AF39D341AFCE59900A5BD43 /* Debug */ = {
			isa = XCBuildConfiguration;
			buildSettings = {
				ASSETCATALOG_COMPILER_APPICON_NAME = AppIcon;
				CLANG_ENABLE_MODULES = YES;
				COMBINE_HIDPI_IMAGES = YES;
				INFOPLIST_FILE = "bonjour-demo-mac/Info.plist";
				LD_RUNPATH_SEARCH_PATHS = "$(inherited) @executable_path/../Frameworks";
				PRODUCT_NAME = "$(TARGET_NAME)";
				SWIFT_OBJC_BRIDGING_HEADER = "bonjour-demo-mac/bonjour-demo-mac-Bridging-Header.h";
				SWIFT_OPTIMIZATION_LEVEL = "-Onone";
			};
			name = Debug;
		};
		1AF39D351AFCE59900A5BD43 /* Release */ = {
			isa = XCBuildConfiguration;
			buildSettings = {
				ASSETCATALOG_COMPILER_APPICON_NAME = AppIcon;
				CLANG_ENABLE_MODULES = YES;
				COMBINE_HIDPI_IMAGES = YES;
				INFOPLIST_FILE = "bonjour-demo-mac/Info.plist";
				LD_RUNPATH_SEARCH_PATHS = "$(inherited) @executable_path/../Frameworks";
				PRODUCT_NAME = "$(TARGET_NAME)";
				SWIFT_OBJC_BRIDGING_HEADER = "bonjour-demo-mac/bonjour-demo-mac-Bridging-Header.h";
			};
			name = Release;
		};
/* End XCBuildConfiguration section */

/* Begin XCConfigurationList section */
		1AF39D121AFCE59900A5BD43 /* Build configuration list for PBXProject "bonjour-demo-mac" */ = {
			isa = XCConfigurationList;
			buildConfigurations = (
				1AF39D311AFCE59900A5BD43 /* Debug */,
				1AF39D321AFCE59900A5BD43 /* Release */,
			);
			defaultConfigurationIsVisible = 0;
			defaultConfigurationName = Release;
		};
		1AF39D331AFCE59900A5BD43 /* Build configuration list for PBXNativeTarget "bonjour-demo-mac" */ = {
			isa = XCConfigurationList;
			buildConfigurations = (
				1AF39D341AFCE59900A5BD43 /* Debug */,
				1AF39D351AFCE59900A5BD43 /* Release */,
			);
			defaultConfigurationIsVisible = 0;
			defaultConfigurationName = Release;
		};
/* End XCConfigurationList section */
	};
	rootObject = 1AF39D0F1AFCE59900A5BD43 /* Project object */;
}
